
Microsoft Visual Studio Solution File, Format Version 12.00
# Visual Studio Version 17
VisualStudioVersion = 17.5.33414.496
MinimumVisualStudioVersion = 10.0.40219.1
Project("{FAE04EC0-301F-11D3-BF4B-00C04F79EFBC}") = "Server", "ConsoleApp1\Server.csproj", "{4D703618-32BF-4047-8AEE-3B23130F6DFD}"
EndProject
Project("{FAE04EC0-301F-11D3-BF4B-00C04F79EFBC}") = "Client", "Client\Client.csproj", "{2BB698B7-6B48-4D05-A9EC-8D864ED437F8}"
EndProject
Global
	GlobalSection(SolutionConfigurationPlatforms) = preSolution
		Debug|Any CPU = Debug|Any CPU
		Release|Any CPU = Release|Any CPU
	EndGlobalSection
	GlobalSection(ProjectConfigurationPlatforms) = postSolution
		{4D703618-32BF-4047-8AEE-3B23130F6DFD}.Debug|Any CPU.ActiveCfg = Debug|Any CPU
		{4D703618-32BF-4047-8AEE-3B23130F6DFD}.Debug|Any CPU.Build.0 = Debug|Any CPU
		{4D703618-32BF-4047-8AEE-3B23130F6DFD}.Release|Any CPU.ActiveCfg = Release|Any CPU
		{4D703618-32BF-4047-8AEE-3B23130F6DFD}.Release|Any CPU.Build.0 = Release|Any CPU
		{2BB698B7-6B48-4D05-A9EC-8D864ED437F8}.Debug|Any CPU.ActiveCfg = Debug|Any CPU
		{2BB698B7-6B48-4D05-A9EC-8D864ED437F8}.Debug|Any CPU.Build.0 = Debug|Any CPU
		{2BB698B7-6B48-4D05-A9EC-8D864ED437F8}.Release|Any CPU.ActiveCfg = Release|Any CPU
		{2BB698B7-6B48-4D05-A9EC-8D864ED437F8}.Release|Any CPU.Build.0 = Release|Any CPU
	EndGlobalSection
	GlobalSection(SolutionProperties) = preSolution
		HideSolutionNode = FALSE
	EndGlobalSection
	GlobalSection(ExtensibilityGlobals) = postSolution
		SolutionGuid = {B90C0EC1-DF9C-4DA3-82BF-CFB75B5E9E7D}
	EndGlobalSection
EndGlobal
